{
  "name": "RuoYi-Vue",
  "lockfileVersion": 2,
  "requires": true,
  "packages": {
    "": {
      "dependencies": {
        "jquery": "^3.7.1",
        "jquery-flot": "^0.8.3"
      }
    },
    "node_modules/jquery": {
      "version": "3.7.1",
      "resolved": "https://registry.npmmirror.com/jquery/-/jquery-3.7.1.tgz",
      "integrity": "sha512-m4avr8yL8kmFN8psrbFFFmB/If14iN5o9nw/NgnnM+kybDJpRsAynV2BsfpTYrTRysYUdADVD7CkUUizgkpLfg=="
    },
    "node_modules/jquery-flot": {
      "version": "0.8.3",
      "resolved": "https://registry.npmmirror.com/jquery-flot/-/jquery-flot-0.8.3.tgz",
      "integrity": "sha512-IkQCsA5t55Aubu8iove/X/KL34rdZTsDyx/bylC7F320N2bwsJhJe3Np8orsx1L8FEOoMDfNe3/pSb3xXKLxeQ==",
      "deprecated": "flot has been abandoned"
    }
  },
  "dependencies": {
    "jquery": {
      "version": "3.7.1",
      "resolved": "https://registry.npmmirror.com/jquery/-/jquery-3.7.1.tgz",
      "integrity": "sha512-m4avr8yL8kmFN8psrbFFFmB/If14iN5o9nw/NgnnM+kybDJpRsAynV2BsfpTYrTRysYUdADVD7CkUUizgkpLfg=="
    },
    "jquery-flot": {
      "version": "0.8.3",
      "resolved": "https://registry.npmmirror.com/jquery-flot/-/jquery-flot-0.8.3.tgz",
      "integrity": "sha512-IkQCsA5t55Aubu8iove/X/KL34rdZTsDyx/bylC7F320N2bwsJhJe3Np8orsx1L8FEOoMDfNe3/pSb3xXKLxeQ=="
    }
  }
}
